
Microsoft Visual Studio Solution File, Format Version 12.00
# Visual Studio Version 16
VisualStudioVersion = 16.0.31112.23
MinimumVisualStudioVersion = 10.0.40219.1
Project("{FAE04EC0-301F-11D3-BF4B-00C04F79EFBC}") = "IO_Sudoku", "IO_Sudoku\IO_Sudoku.csproj", "{797BBADA-074F-4CC5-B899-826456E864F6}"
EndProject
Global
	GlobalSection(SolutionConfigurationPlatforms) = preSolution
		Debug|Any CPU = Debug|Any CPU
		Release|Any CPU = Release|Any CPU
	EndGlobalSection
	GlobalSection(ProjectConfigurationPlatforms) = postSolution
		{797BBADA-074F-4CC5-B899-826456E864F6}.Debug|Any CPU.ActiveCfg = Debug|Any CPU
		{797BBADA-074F-4CC5-B899-826456E864F6}.Debug|Any CPU.Build.0 = Debug|Any CPU
		{797BBADA-074F-4CC5-B899-826456E864F6}.Release|Any CPU.ActiveCfg = Release|Any CPU
		{797BBADA-074F-4CC5-B899-826456E864F6}.Release|Any CPU.Build.0 = Release|Any CPU
	EndGlobalSection
	GlobalSection(SolutionProperties) = preSolution
		HideSolutionNode = FALSE
	EndGlobalSection
	GlobalSection(ExtensibilityGlobals) = postSolution
		SolutionGuid = {03A7BB7D-EBF7-4F24-8839-8A2757ABFD36}
	EndGlobalSection
EndGlobal
